// !$*UTF8*$!
{
	archiveVersion = 1;
	classes = {
	};
	objectVersion = 46;
	objects = {

/* Begin PBXBuildFile section */
		1953019C19F13A6D009C1502 /* AppDelegate.swift in Sources */ = {isa = PBXBuildFile; fileRef = 1953019B19F13A6D009C1502 /* AppDelegate.swift */; };
		1953019F19F13A6D009C1502 /* HitList.xcdatamodeld in Sources */ = {isa = PBXBuildFile; fileRef = 1953019D19F13A6D009C1502 /* HitList.xcdatamodeld */; };
		195301A119F13A6D009C1502 /* ViewController.swift in Sources */ = {isa = PBXBuildFile; fileRef = 195301A019F13A6D009C1502 /* ViewController.swift */; };
		195301A419F13A6D009C1502 /* Main.storyboard in Resources */ = {isa = PBXBuildFile; fileRef = 195301A219F13A6D009C1502 /* Main.storyboard */; };
		195301A619F13A6D009C1502 /* Images.xcassets in Resources */ = {isa = PBXBuildFile; fileRef = 195301A519F13A6D009C1502 /* Images.xcassets */; };
		195301A919F13A6D009C1502 /* LaunchScreen.xib in Resources */ = {isa = PBXBuildFile; fileRef = 195301A719F13A6D009C1502 /* LaunchScreen.xib */; };
		195301B519F13A6E009C1502 /* HitListTests.swift in Sources */ = {isa = PBXBuildFile; fileRef = 195301B419F13A6E009C1502 /* HitListTests.swift */; };
/* End PBXBuildFile section */

/* Begin PBXContainerItemProxy section */
		195301AF19F13A6E009C1502 /* PBXContainerItemProxy */ = {
			isa = PBXContainerItemProxy;
			containerPortal = 1953018E19F13A6D009C1502 /* Project object */;
			proxyType = 1;
			remoteGlobalIDString = 1953019519F13A6D009C1502;
			remoteInfo = HitList;
		};
/* End PBXContainerItemProxy section */

/* Begin PBXFileReference section */
		1953019619F13A6D009C1502 /* HitList.app */ = {isa = PBXFileReference; explicitFileType = wrapper.application; includeInIndex = 0; path = HitList.app; sourceTree = BUILT_PRODUCTS_DIR; };
		1953019A19F13A6D009C1502 /* Info.plist */ = {isa = PBXFileReference; lastKnownFileType = text.plist.xml; path = Info.plist; sourceTree = "<group>"; };
		1953019B19F13A6D009C1502 /* AppDelegate.swift */ = {isa = PBXFileReference; lastKnownFileType = sourcecode.swift; path = AppDelegate.swift; sourceTree = "<group>"; };
		1953019E19F13A6D009C1502 /* HitList.xcdatamodel */ = {isa = PBXFileReference; lastKnownFileType = wrapper.xcdatamodel; path = HitList.xcdatamodel; sourceTree = "<group>"; };
		195301A019F13A6D009C1502 /* ViewController.swift */ = {isa = PBXFileReference; lastKnownFileType = sourcecode.swift; path = ViewController.swift; sourceTree = "<group>"; };
		195301A319F13A6D009C1502 /* Base */ = {isa = PBXFileReference; lastKnownFileType = file.storyboard; name = Base; path = Base.lproj/Main.storyboard; sourceTree = "<group>"; };
		195301A519F13A6D009C1502 /* Images.xcassets */ = {isa = PBXFileReference; lastKnownFileType = folder.assetcatalog; path = Images.xcassets; sourceTree = "<group>"; };
		195301A819F13A6D009C1502 /* Base */ = {isa = PBXFileReference; lastKnownFileType = file.xib; name = Base; path = Base.lproj/LaunchScreen.xib; sourceTree = "<group>"; };
		195301AE19F13A6E009C1502 /* HitListTests.xctest */ = {isa = PBXFileReference; explicitFileType = wrapper.cfbundle; includeInIndex = 0; path = HitListTests.xctest; sourceTree = BUILT_PRODUCTS_DIR; };
		195301B319F13A6E009C1502 /* Info.plist */ = {isa = PBXFileReference; lastKnownFileType = text.plist.xml; path = Info.plist; sourceTree = "<group>"; };
		195301B419F13A6E009C1502 /* HitListTests.swift */ = {isa = PBXFileReference; lastKnownFileType = sourcecode.swift; path = HitListTests.swift; sourceTree = "<group>"; };
/* End PBXFileReference section */

/* Begin PBXFrameworksBuildPhase section */
		1953019319F13A6D009C1502 /* Frameworks */ = {
			isa = PBXFrameworksBuildPhase;
			buildActionMask = 2147483647;
			files = (
			);
			runOnlyForDeploymentPostprocessing = 0;
		};
		195301AB19F13A6E009C1502 /* Frameworks */ = {
			isa = PBXFrameworksBuildPhase;
			buildActionMask = 2147483647;
			files = (
			);
			runOnlyForDeploymentPostprocessing = 0;
		};
/* End PBXFrameworksBuildPhase section */

/* Begin PBXGroup section */
		1953018D19F13A6D009C1502 = {
			isa = PBXGroup;
			children = (
				1953019819F13A6D009C1502 /* HitList */,
				195301B119F13A6E009C1502 /* HitListTests */,
				1953019719F13A6D009C1502 /* Products */,
			);
			sourceTree = "<group>";
		};
		1953019719F13A6D009C1502 /* Products */ = {
			isa = PBXGroup;
			children = (
				1953019619F13A6D009C1502 /* HitList.app */,
				195301AE19F13A6E009C1502 /* HitListTests.xctest */,
			);
			name = Products;
			sourceTree = "<group>";
		};
		1953019819F13A6D009C1502 /* HitList */ = {
			isa = PBXGroup;
			children = (
				1953019B19F13A6D009C1502 /* AppDelegate.swift */,
				195301A019F13A6D009C1502 /* ViewController.swift */,
				195301A219F13A6D009C1502 /* Main.storyboard */,
				195301A519F13A6D009C1502 /* Images.xcassets */,
				195301A719F13A6D009C1502 /* LaunchScreen.xib */,
				1953019D19F13A6D009C1502 /* HitList.xcdatamodeld */,
				1953019919F13A6D009C1502 /* Supporting Files */,
			);
			path = HitList;
			sourceTree = "<group>";
		};
		1953019919F13A6D009C1502 /* Supporting Files */ = {
			isa = PBXGroup;
			children = (
				1953019A19F13A6D009C1502 /* Info.plist */,
			);
			name = "Supporting Files";
			sourceTree = "<group>";
		};
		195301B119F13A6E009C1502 /* HitListTests */ = {
			isa = PBXGroup;
			children = (
				195301B419F13A6E009C1502 /* HitListTests.swift */,
				195301B219F13A6E009C1502 /* Supporting Files */,
			);
			path = HitListTests;
			sourceTree = "<group>";
		};
		195301B219F13A6E009C1502 /* Supporting Files */ = {
			isa = PBXGroup;
			children = (
				195301B319F13A6E009C1502 /* Info.plist */,
			);
			name = "Supporting Files";
			sourceTree = "<group>";
		};
/* End PBXGroup section */

/* Begin PBXNativeTarget section */
		1953019519F13A6D009C1502 /* HitList */ = {
			isa = PBXNativeTarget;
			buildConfigurationList = 195301B819F13A6E009C1502 /* Build configuration list for PBXNativeTarget "HitList" */;
			buildPhases = (
				1953019219F13A6D009C1502 /* Sources */,
				1953019319F13A6D009C1502 /* Frameworks */,
				1953019419F13A6D009C1502 /* Resources */,
			);
			buildRules = (
			);
			dependencies = (
			);
			name = HitList;
			productName = HitList;
			productReference = 1953019619F13A6D009C1502 /* HitList.app */;
			productType = "com.apple.product-type.application";
		};
		195301AD19F13A6E009C1502 /* HitListTests */ = {
			isa = PBXNativeTarget;
			buildConfigurationList = 195301BB19F13A6E009C1502 /* Build configuration list for PBXNativeTarget "HitListTests" */;
			buildPhases = (
				195301AA19F13A6E009C1502 /* Sources */,
				195301AB19F13A6E009C1502 /* Frameworks */,
				195301AC19F13A6E009C1502 /* Resources */,
			);
			buildRules = (
			);
			dependencies = (
				195301B019F13A6E009C1502 /* PBXTargetDependency */,
			);
			name = HitListTests;
			productName = HitListTests;
			productReference = 195301AE19F13A6E009C1502 /* HitListTests.xctest */;
			productType = "com.apple.product-type.bundle.unit-test";
		};
/* End PBXNativeTarget section */

/* Begin PBXProject section */
		1953018E19F13A6D009C1502 /* Project object */ = {
			isa = PBXProject;
			attributes = {
				LastUpgradeCheck = 0600;
				ORGANIZATIONNAME = "Judit Greskovits";
				TargetAttributes = {
					1953019519F13A6D009C1502 = {
						CreatedOnToolsVersion = 6.0;
					};
					195301AD19F13A6E009C1502 = {
						CreatedOnToolsVersion = 6.0;
						TestTargetID = 1953019519F13A6D009C1502;
					};
				};
			};
			buildConfigurationList = 1953019119F13A6D009C1502 /* Build configuration list for PBXProject "HitList" */;
			compatibilityVersion = "Xcode 3.2";
			developmentRegion = English;
			hasScannedForEncodings = 0;
			knownRegions = (
				en,
				Base,
			);
			mainGroup = 1953018D19F13A6D009C1502;
			productRefGroup = 1953019719F13A6D009C1502 /* Products */;
			projectDirPath = "";
			projectRoot = "";
			targets = (
				1953019519F13A6D009C1502 /* HitList */,
				195301AD19F13A6E009C1502 /* HitListTests */,
			);
		};
/* End PBXProject section */

/* Begin PBXResourcesBuildPhase section */
		1953019419F13A6D009C1502 /* Resources */ = {
			isa = PBXResourcesBuildPhase;
			buildActionMask = 2147483647;
			files = (
				195301A419F13A6D009C1502 /* Main.storyboard in Resources */,
				195301A919F13A6D009C1502 /* LaunchScreen.xib in Resources */,
				195301A619F13A6D009C1502 /* Images.xcassets in Resources */,
			);
			runOnlyForDeploymentPostprocessing = 0;
		};
		195301AC19F13A6E009C1502 /* Resources */ = {
			isa = PBXResourcesBuildPhase;
			buildActionMask = 2147483647;
			files = (
			);
			runOnlyForDeploymentPostprocessing = 0;
		};
/* End PBXResourcesBuildPhase section */

/* Begin PBXSourcesBuildPhase section */
		1953019219F13A6D009C1502 /* Sources */ = {
			isa = PBXSourcesBuildPhase;
			buildActionMask = 2147483647;
			files = (
				195301A119F13A6D009C1502 /* ViewController.swift in Sources */,
				1953019C19F13A6D009C1502 /* AppDelegate.swift in Sources */,
				1953019F19F13A6D009C1502 /* HitList.xcdatamodeld in Sources */,
			);
			runOnlyForDeploymentPostprocessing = 0;
		};
		195301AA19F13A6E009C1502 /* Sources */ = {
			isa = PBXSourcesBuildPhase;
			buildActionMask = 2147483647;
			files = (
				195301B519F13A6E009C1502 /* HitListTests.swift in Sources */,
			);
			runOnlyForDeploymentPostprocessing = 0;
		};
/* End PBXSourcesBuildPhase section */

/* Begin PBXTargetDependency section */
		195301B019F13A6E009C1502 /* PBXTargetDependency */ = {
			isa = PBXTargetDependency;
			target = 1953019519F13A6D009C1502 /* HitList */;
			targetProxy = 195301AF19F13A6E009C1502 /* PBXContainerItemProxy */;
		};
/* End PBXTargetDependency section */

/* Begin PBXVariantGroup section */
		195301A219F13A6D009C1502 /* Main.storyboard */ = {
			isa = PBXVariantGroup;
			children = (
				195301A319F13A6D009C1502 /* Base */,
			);
			name = Main.storyboard;
			sourceTree = "<group>";
		};
		195301A719F13A6D009C1502 /* LaunchScreen.xib */ = {
			isa = PBXVariantGroup;
			children = (
				195301A819F13A6D009C1502 /* Base */,
			);
			name = LaunchScreen.xib;
			sourceTree = "<group>";
		};
/* End PBXVariantGroup section */

/* Begin XCBuildConfiguration section */
		195301B619F13A6E009C1502 /* Debug */ = {
			isa = XCBuildConfiguration;
			buildSettings = {
				ALWAYS_SEARCH_USER_PATHS = NO;
				CLANG_CXX_LANGUAGE_STANDARD = "gnu++0x";
				CLANG_CXX_LIBRARY = "libc++";
				CLANG_ENABLE_MODULES = YES;
				CLANG_ENABLE_OBJC_ARC = YES;
				CLANG_WARN_BOOL_CONVERSION = YES;
				CLANG_WARN_CONSTANT_CONVERSION = YES;
				CLANG_WARN_DIRECT_OBJC_ISA_USAGE = YES_ERROR;
				CLANG_WARN_EMPTY_BODY = YES;
				CLANG_WARN_ENUM_CONVERSION = YES;
				CLANG_WARN_INT_CONVERSION = YES;
				CLANG_WARN_OBJC_ROOT_CLASS = YES_ERROR;
				CLANG_WARN_UNREACHABLE_CODE = YES;
				CLANG_WARN__DUPLICATE_METHOD_MATCH = YES;
				"CODE_SIGN_IDENTITY[sdk=iphoneos*]" = "iPhone Developer";
				COPY_PHASE_STRIP = NO;
				ENABLE_STRICT_OBJC_MSGSEND = YES;
				GCC_C_LANGUAGE_STANDARD = gnu99;
				GCC_DYNAMIC_NO_PIC = NO;
				GCC_OPTIMIZATION_LEVEL = 0;
				GCC_PREPROCESSOR_DEFINITIONS = (
					"DEBUG=1",
					"$(inherited)",
				);
				GCC_SYMBOLS_PRIVATE_EXTERN = NO;
				GCC_WARN_64_TO_32_BIT_CONVERSION = YES;
				GCC_WARN_ABOUT_RETURN_TYPE = YES_ERROR;
				GCC_WARN_UNDECLARED_SELECTOR = YES;
				GCC_WARN_UNINITIALIZED_AUTOS = YES_AGGRESSIVE;
				GCC_WARN_UNUSED_FUNCTION = YES;
				GCC_WARN_UNUSED_VARIABLE = YES;
				IPHONEOS_DEPLOYMENT_TARGET = 8.0;
				MTL_ENABLE_DEBUG_INFO = YES;
				ONLY_ACTIVE_ARCH = YES;
				SDKROOT = iphoneos;
				SWIFT_OPTIMIZATION_LEVEL = "-Onone";
			};
			name = Debug;
		};
		195301B719F13A6E009C1502 /* Release */ = {
			isa = XCBuildConfiguration;
			buildSettings = {
				ALWAYS_SEARCH_USER_PATHS = NO;
				CLANG_CXX_LANGUAGE_STANDARD = "gnu++0x";
				CLANG_CXX_LIBRARY = "libc++";
				CLANG_ENABLE_MODULES = YES;
				CLANG_ENABLE_OBJC_ARC = YES;
				CLANG_WARN_BOOL_CONVERSION = YES;
				CLANG_WARN_CONSTANT_CONVERSION = YES;
				CLANG_WARN_DIRECT_OBJC_ISA_USAGE = YES_ERROR;
				CLANG_WARN_EMPTY_BODY = YES;
				CLANG_WARN_ENUM_CONVERSION = YES;
				CLANG_WARN_INT_CONVERSION = YES;
				CLANG_WARN_OBJC_ROOT_CLASS = YES_ERROR;
				CLANG_WARN_UNREACHABLE_CODE = YES;
				CLANG_WARN__DUPLICATE_METHOD_MATCH = YES;
				"CODE_SIGN_IDENTITY[sdk=iphoneos*]" = "iPhone Developer";
				COPY_PHASE_STRIP = YES;
				ENABLE_NS_ASSERTIONS = NO;
				ENABLE_STRICT_OBJC_MSGSEND = YES;
				GCC_C_LANGUAGE_STANDARD = gnu99;
				GCC_WARN_64_TO_32_BIT_CONVERSION = YES;
				GCC_WARN_ABOUT_RETURN_TYPE = YES_ERROR;
				GCC_WARN_UNDECLARED_SELECTOR = YES;
				GCC_WARN_UNINITIALIZED_AUTOS = YES_AGGRESSIVE;
				GCC_WARN_UNUSED_FUNCTION = YES;
				GCC_WARN_UNUSED_VARIABLE = YES;
				IPHONEOS_DEPLOYMENT_TARGET = 8.0;
				MTL_ENABLE_DEBUG_INFO = NO;
				SDKROOT = iphoneos;
				VALIDATE_PRODUCT = YES;
			};
			name = Release;
		};
		195301B919F13A6E009C1502 /* Debug */ = {
			isa = XCBuildConfiguration;
			buildSettings = {
				ASSETCATALOG_COMPILER_APPICON_NAME = AppIcon;
				INFOPLIST_FILE = HitList/Info.plist;
				LD_RUNPATH_SEARCH_PATHS = "$(inherited) @executable_path/Frameworks";
				PRODUCT_NAME = "$(TARGET_NAME)";
			};
			name = Debug;
		};
		195301BA19F13A6E009C1502 /* Release */ = {
			isa = XCBuildConfiguration;
			buildSettings = {
				ASSETCATALOG_COMPILER_APPICON_NAME = AppIcon;
				INFOPLIST_FILE = HitList/Info.plist;
				LD_RUNPATH_SEARCH_PATHS = "$(inherited) @executable_path/Frameworks";
				PRODUCT_NAME = "$(TARGET_NAME)";
			};
			name = Release;
		};
		195301BC19F13A6E009C1502 /* Debug */ = {
			isa = XCBuildConfiguration;
			buildSettings = {
				BUNDLE_LOADER = "$(TEST_HOST)";
				FRAMEWORK_SEARCH_PATHS = (
					"$(SDKROOT)/Developer/Library/Frameworks",
					"$(inherited)",
				);
				GCC_PREPROCESSOR_DEFINITIONS = (
					"DEBUG=1",
					"$(inherited)",
				);
				INFOPLIST_FILE = HitListTests/Info.plist;
				LD_RUNPATH_SEARCH_PATHS = "$(inherited) @executable_path/Frameworks @loader_path/Frameworks";
				PRODUCT_NAME = "$(TARGET_NAME)";
				TEST_HOST = "$(BUILT_PRODUCTS_DIR)/HitList.app/HitList";
			};
			name = Debug;
		};
		195301BD19F13A6E009C1502 /* Release */ = {
			isa = XCBuildConfiguration;
			buildSettings = {
				BUNDLE_LOADER = "$(TEST_HOST)";
				FRAMEWORK_SEARCH_PATHS = (
					"$(SDKROOT)/Developer/Library/Frameworks",
					"$(inherited)",
				);
				INFOPLIST_FILE = HitListTests/Info.plist;
				LD_RUNPATH_SEARCH_PATHS = "$(inherited) @executable_path/Frameworks @loader_path/Frameworks";
				PRODUCT_NAME = "$(TARGET_NAME)";
				TEST_HOST = "$(BUILT_PRODUCTS_DIR)/HitList.app/HitList";
			};
			name = Release;
		};
/* End XCBuildConfiguration section */

/* Begin XCConfigurationList section */
		1953019119F13A6D009C1502 /* Build configuration list for PBXProject "HitList" */ = {
			isa = XCConfigurationList;
			buildConfigurations = (
				195301B619F13A6E009C1502 /* Debug */,
				195301B719F13A6E009C1502 /* Release */,
			);
			defaultConfigurationIsVisible = 0;
			defaultConfigurationName = Release;
		};
		195301B819F13A6E009C1502 /* Build configuration list for PBXNativeTarget "HitList" */ = {
			isa = XCConfigurationList;
			buildConfigurations = (
				195301B919F13A6E009C1502 /* Debug */,
				195301BA19F13A6E009C1502 /* Release */,
			);
			defaultConfigurationIsVisible = 0;
		};
		195301BB19F13A6E009C1502 /* Build configuration list for PBXNativeTarget "HitListTests" */ = {
			isa = XCConfigurationList;
			buildConfigurations = (
				195301BC19F13A6E009C1502 /* Debug */,
				195301BD19F13A6E009C1502 /* Release */,
			);
			defaultConfigurationIsVisible = 0;
		};
/* End XCConfigurationList section */

/* Begin XCVersionGroup section */
		1953019D19F13A6D009C1502 /* HitList.xcdatamodeld */ = {
			isa = XCVersionGroup;
			children = (
				1953019E19F13A6D009C1502 /* HitList.xcdatamodel */,
			);
			currentVersion = 1953019E19F13A6D009C1502 /* HitList.xcdatamodel */;
			path = HitList.xcdatamodeld;
			sourceTree = "<group>";
			versionGroupType = wrapper.xcdatamodel;
		};
/* End XCVersionGroup section */
	};
	rootObject = 1953018E19F13A6D009C1502 /* Project object */;
}
